schema: '2.0'
stages:
  train_model:
    cmd: '"C:\Program Files\Python39\AlgoSem2\Scripts\python.exe" Train_v1.py'
    deps:
    - path: Train_v1.py
      hash: md5
      md5: ec3dc0df5c011f25578f1a136938a55c
      size: 3759
    - path: images_tensor.pt
      hash: md5
      md5: 825fa0dff767861bcd851ee8d27e76ba
      size: 4427932910
    - path: labels_tensor.pt
      hash: md5
      md5: 7a2e622dad381dd7ca6ec9023edd6c82
      size: 60026
    outs:
    - path: metrics/accuracy_vs_epoch.png
      hash: md5
      md5: 0884c56ba9bc2c9a6ff41b9e67f861d2
      size: 24208
    - path: metrics/train_metrics.json
      hash: md5
      md5: d672605f94496d8f262e69de62a2356b
      size: 1379
